
Microsoft Visual Studio Solution File, Format Version 12.00
# Visual Studio Version 17
VisualStudioVersion = 17.6.33712.159
MinimumVisualStudioVersion = 10.0.40219.1
Project("{FAE04EC0-301F-11D3-BF4B-00C04F79EFBC}") = "BasicDotnet", "BasicDotnet.csproj", "{01E2A5B0-8E21-47B7-BF5A-88C31B65AE15}"
EndProject
Global
	GlobalSection(SolutionConfigurationPlatforms) = preSolution
		Debug|Any CPU = Debug|Any CPU
		Release|Any CPU = Release|Any CPU
	EndGlobalSection
	GlobalSection(ProjectConfigurationPlatforms) = postSolution
		{01E2A5B0-8E21-47B7-BF5A-88C31B65AE15}.Debug|Any CPU.ActiveCfg = Debug|Any CPU
		{01E2A5B0-8E21-47B7-BF5A-88C31B65AE15}.Debug|Any CPU.Build.0 = Debug|Any CPU
		{01E2A5B0-8E21-47B7-BF5A-88C31B65AE15}.Release|Any CPU.ActiveCfg = Release|Any CPU
		{01E2A5B0-8E21-47B7-BF5A-88C31B65AE15}.Release|Any CPU.Build.0 = Release|Any CPU
	EndGlobalSection
	GlobalSection(SolutionProperties) = preSolution
		HideSolutionNode = FALSE
	EndGlobalSection
	GlobalSection(ExtensibilityGlobals) = postSolution
		SolutionGuid = {497853E9-3118-4B9A-A2BE-A0686EF9FF76}
	EndGlobalSection
EndGlobal
